Microsoft Visual Studio Solution File, Format Version 12.00
# Visual Studio Version 17
VisualStudioVersion = 17.0.31903.59
MinimumVisualStudioVersion = 10.0.40219.1
Project("{C897C7B2-5BB8-4DC4-B937-08FAB0D035E7}") = "Project_a72208f06773496a91c1f62f68ec646b_20250601200320320579", "Project_a72208f06773496a91c1f62f68ec646b_20250601200320320579.csproj", "{C897C7B2-5BB8-4DC4-B937-08FAB0D035E7}"
EndProject
Global
    GlobalSection(SolutionConfigurationPlatforms) = preSolution
        Debug|Any CPU = Debug|Any CPU
        Release|Any CPU = Release|Any CPU
    EndGlobalSection
    GlobalSection(ProjectConfigurationPlatforms) = postSolution
        {C897C7B2-5BB8-4DC4-B937-08FAB0D035E7}.Debug|Any CPU.ActiveCfg = Debug|Any CPU
        {C897C7B2-5BB8-4DC4-B937-08FAB0D035E7}.Debug|Any CPU.Build.0 = Debug|Any CPU
        {C897C7B2-5BB8-4DC4-B937-08FAB0D035E7}.Release|Any CPU.ActiveCfg = Release|Any CPU
        {C897C7B2-5BB8-4DC4-B937-08FAB0D035E7}.Release|Any CPU.Build.0 = Release|Any CPU
    EndGlobalSection
EndGlobal